// !$*UTF8*$!
{
	archiveVersion = 1;
	classes = {
	};
	objectVersion = 51;
	objects = {

/* Begin PBXBuildFile section */
		092F747923AA005900F5846E /* YSCameraResultViewController.swift in Sources */ = {isa = PBXBuildFile; fileRef = 092F747823AA005900F5846E /* YSCameraResultViewController.swift */; };
		09526D0E239E1B8F00A74E6E /* YSScaleImageViewController.swift in Sources */ = {isa = PBXBuildFile; fileRef = 09526D0D239E1B8F00A74E6E /* YSScaleImageViewController.swift */; };
		09526D10239E1BA700A74E6E /* YSScaleImageView.swift in Sources */ = {isa = PBXBuildFile; fileRef = 09526D0F239E1BA700A74E6E /* YSScaleImageView.swift */; };
		09526D15239E22C400A74E6E /* image_littleAnimal.jpg in Resources */ = {isa = PBXBuildFile; fileRef = 09526D14239E22C400A74E6E /* image_littleAnimal.jpg */; };
		0967DE3E23AB231800B3863E /* UIImage+fixOrientation.swift in Sources */ = {isa = PBXBuildFile; fileRef = 0967DE3D23AB231800B3863E /* UIImage+fixOrientation.swift */; };
		09885A6C233DED3A00489E74 /* YSMenuItemContainerView.swift in Sources */ = {isa = PBXBuildFile; fileRef = 09885A6B233DED3A00489E74 /* YSMenuItemContainerView.swift */; };
		09885A6E233DF05400489E74 /* YSMenuItemViewController.swift in Sources */ = {isa = PBXBuildFile; fileRef = 09885A6D233DF05400489E74 /* YSMenuItemViewController.swift */; };
		098A6A32238FAFD700707725 /* YSDoubleSideSliderView.swift in Sources */ = {isa = PBXBuildFile; fileRef = 098A6A31238FAFD700707725 /* YSDoubleSideSliderView.swift */; };
		09AC050E233DDF0A00CF4EDD /* AppDelegate.swift in Sources */ = {isa = PBXBuildFile; fileRef = 09AC050D233DDF0A00CF4EDD /* AppDelegate.swift */; };
		09AC0512233DDF0A00CF4EDD /* ViewController.swift in Sources */ = {isa = PBXBuildFile; fileRef = 09AC0511233DDF0A00CF4EDD /* ViewController.swift */; };
		09AC0517233DDF0C00CF4EDD /* Assets.xcassets in Resources */ = {isa = PBXBuildFile; fileRef = 09AC0516233DDF0C00CF4EDD /* Assets.xcassets */; };
		09AC051A233DDF0C00CF4EDD /* LaunchScreen.storyboard in Resources */ = {isa = PBXBuildFile; fileRef = 09AC0518233DDF0C00CF4EDD /* LaunchScreen.storyboard */; };
		09AC0525233DDF0D00CF4EDD /* YSViewsCollectorTests.swift in Sources */ = {isa = PBXBuildFile; fileRef = 09AC0524233DDF0D00CF4EDD /* YSViewsCollectorTests.swift */; };
		09AC0530233DDF0D00CF4EDD /* YSViewsCollectorUITests.swift in Sources */ = {isa = PBXBuildFile; fileRef = 09AC052F233DDF0D00CF4EDD /* YSViewsCollectorUITests.swift */; };
		09B15AF123A0BDC0005EE4A8 /* YSCameraViewController.swift in Sources */ = {isa = PBXBuildFile; fileRef = 09B15AF023A0BDC0005EE4A8 /* YSCameraViewController.swift */; };
		09B15AF323A0E26E005EE4A8 /* YSCameraCustomViewController.swift in Sources */ = {isa = PBXBuildFile; fileRef = 09B15AF223A0E26E005EE4A8 /* YSCameraCustomViewController.swift */; };
		09E8AE942390EBC7007F3657 /* YSDoubleSideSliderViewController.swift in Sources */ = {isa = PBXBuildFile; fileRef = 09E8AE932390EBC7007F3657 /* YSDoubleSideSliderViewController.swift */; };
		B6AB90DAE899DAAB82296DA3 /* Pods_YSViewsCollector.framework in Frameworks */ = {isa = PBXBuildFile; fileRef = 339FAB7B82408BA82740F51A /* Pods_YSViewsCollector.framework */; };
/* End PBXBuildFile section */

/* Begin PBXContainerItemProxy section */
		09AC0521233DDF0D00CF4EDD /* PBXContainerItemProxy */ = {
			isa = PBXContainerItemProxy;
			containerPortal = 09AC0502233DDF0A00CF4EDD /* Project object */;
			proxyType = 1;
			remoteGlobalIDString = 09AC0509233DDF0A00CF4EDD;
			remoteInfo = YSViewsCollector;
		};
		09AC052C233DDF0D00CF4EDD /* PBXContainerItemProxy */ = {
			isa = PBXContainerItemProxy;
			containerPortal = 09AC0502233DDF0A00CF4EDD /* Project object */;
			proxyType = 1;
			remoteGlobalIDString = 09AC0509233DDF0A00CF4EDD;
			remoteInfo = YSViewsCollector;
		};
/* End PBXContainerItemProxy section */

/* Begin PBXFileReference section */
		092F747823AA005900F5846E /* YSCameraResultViewController.swift */ = {isa = PBXFileReference; lastKnownFileType = sourcecode.swift; path = YSCameraResultViewController.swift; sourceTree = "<group>"; };
		09526D0D239E1B8F00A74E6E /* YSScaleImageViewController.swift */ = {isa = PBXFileReference; lastKnownFileType = sourcecode.swift; path = YSScaleImageViewController.swift; sourceTree = "<group>"; };
		09526D0F239E1BA700A74E6E /* YSScaleImageView.swift */ = {isa = PBXFileReference; lastKnownFileType = sourcecode.swift; path = YSScaleImageView.swift; sourceTree = "<group>"; };
		09526D14239E22C400A74E6E /* image_littleAnimal.jpg */ = {isa = PBXFileReference; lastKnownFileType = image.jpeg; path = image_littleAnimal.jpg; sourceTree = "<group>"; };
		0967DE3D23AB231800B3863E /* UIImage+fixOrientation.swift */ = {isa = PBXFileReference; fileEncoding = 4; lastKnownFileType = sourcecode.swift; path = "UIImage+fixOrientation.swift"; sourceTree = "<group>"; };
		09885A6B233DED3A00489E74 /* YSMenuItemContainerView.swift */ = {isa = PBXFileReference; fileEncoding = 4; lastKnownFileType = sourcecode.swift; path = YSMenuItemContainerView.swift; sourceTree = "<group>"; };
		09885A6D233DF05400489E74 /* YSMenuItemViewController.swift */ = {isa = PBXFileReference; lastKnownFileType = sourcecode.swift; path = YSMenuItemViewController.swift; sourceTree = "<group>"; };
		098A6A31238FAFD700707725 /* YSDoubleSideSliderView.swift */ = {isa = PBXFileReference; lastKnownFileType = sourcecode.swift; path = YSDoubleSideSliderView.swift; sourceTree = "<group>"; };
		09AC050A233DDF0A00CF4EDD /* YSViewsCollector.app */ = {isa = PBXFileReference; explicitFileType = wrapper.application; includeInIndex = 0; path = YSViewsCollector.app; sourceTree = BUILT_PRODUCTS_DIR; };
		09AC050D233DDF0A00CF4EDD /* AppDelegate.swift */ = {isa = PBXFileReference; lastKnownFileType = sourcecode.swift; path = AppDelegate.swift; sourceTree = "<group>"; };
		09AC0511233DDF0A00CF4EDD /* ViewController.swift */ = {isa = PBXFileReference; lastKnownFileType = sourcecode.swift; path = ViewController.swift; sourceTree = "<group>"; };
		09AC0516233DDF0C00CF4EDD /* Assets.xcassets */ = {isa = PBXFileReference; lastKnownFileType = folder.assetcatalog; path = Assets.xcassets; sourceTree = "<group>"; };
		09AC0519233DDF0C00CF4EDD /* Base */ = {isa = PBXFileReference; lastKnownFileType = file.storyboard; name = Base; path = Base.lproj/LaunchScreen.storyboard; sourceTree = "<group>"; };
		09AC051B233DDF0C00CF4EDD /* Info.plist */ = {isa = PBXFileReference; lastKnownFileType = text.plist.xml; path = Info.plist; sourceTree = "<group>"; };
		09AC0520233DDF0D00CF4EDD /* YSViewsCollectorTests.xctest */ = {isa = PBXFileReference; explicitFileType = wrapper.cfbundle; includeInIndex = 0; path = YSViewsCollectorTests.xctest; sourceTree = BUILT_PRODUCTS_DIR; };
		09AC0524233DDF0D00CF4EDD /* YSViewsCollectorTests.swift */ = {isa = PBXFileReference; lastKnownFileType = sourcecode.swift; path = YSViewsCollectorTests.swift; sourceTree = "<group>"; };
		09AC0526233DDF0D00CF4EDD /* Info.plist */ = {isa = PBXFileReference; lastKnownFileType = text.plist.xml; path = Info.plist; sourceTree = "<group>"; };
		09AC052B233DDF0D00CF4EDD /* YSViewsCollectorUITests.xctest */ = {isa = PBXFileReference; explicitFileType = wrapper.cfbundle; includeInIndex = 0; path = YSViewsCollectorUITests.xctest; sourceTree = BUILT_PRODUCTS_DIR; };
		09AC052F233DDF0D00CF4EDD /* YSViewsCollectorUITests.swift */ = {isa = PBXFileReference; lastKnownFileType = sourcecode.swift; path = YSViewsCollectorUITests.swift; sourceTree = "<group>"; };
		09AC0531233DDF0D00CF4EDD /* Info.plist */ = {isa = PBXFileReference; lastKnownFileType = text.plist.xml; path = Info.plist; sourceTree = "<group>"; };
		09B15AF023A0BDC0005EE4A8 /* YSCameraViewController.swift */ = {isa = PBXFileReference; lastKnownFileType = sourcecode.swift; path = YSCameraViewController.swift; sourceTree = "<group>"; };
		09B15AF223A0E26E005EE4A8 /* YSCameraCustomViewController.swift */ = {isa = PBXFileReference; lastKnownFileType = sourcecode.swift; path = YSCameraCustomViewController.swift; sourceTree = "<group>"; };
		09E8AE932390EBC7007F3657 /* YSDoubleSideSliderViewController.swift */ = {isa = PBXFileReference; lastKnownFileType = sourcecode.swift; path = YSDoubleSideSliderViewController.swift; sourceTree = "<group>"; };
		18204F62625892461D3979B9 /* Pods-YSViewsCollector.release.xcconfig */ = {isa = PBXFileReference; includeInIndex = 1; lastKnownFileType = text.xcconfig; name = "Pods-YSViewsCollector.release.xcconfig"; path = "Target Support Files/Pods-YSViewsCollector/Pods-YSViewsCollector.release.xcconfig"; sourceTree = "<group>"; };
		2055D735CF0D5866F027BB08 /* Pods-YSViewsCollector.debug.xcconfig */ = {isa = PBXFileReference; includeInIndex = 1; lastKnownFileType = text.xcconfig; name = "Pods-YSViewsCollector.debug.xcconfig"; path = "Target Support Files/Pods-YSViewsCollector/Pods-YSViewsCollector.debug.xcconfig"; sourceTree = "<group>"; };
		339FAB7B82408BA82740F51A /* Pods_YSViewsCollector.framework */ = {isa = PBXFileReference; explicitFileType = wrapper.framework; includeInIndex = 0; path = Pods_YSViewsCollector.framework; sourceTree = BUILT_PRODUCTS_DIR; };
/* End PBXFileReference section */

/* Begin PBXFrameworksBuildPhase section */
		09AC0507233DDF0A00CF4EDD /* Frameworks */ = {
			isa = PBXFrameworksBuildPhase;
			buildActionMask = 2147483647;
			files = (
				B6AB90DAE899DAAB82296DA3 /* Pods_YSViewsCollector.framework in Frameworks */,
			);
			runOnlyForDeploymentPostprocessing = 0;
		};
		09AC051D233DDF0D00CF4EDD /* Frameworks */ = {
			isa = PBXFrameworksBuildPhase;
			buildActionMask = 2147483647;
			files = (
			);
			runOnlyForDeploymentPostprocessing = 0;
		};
		09AC0528233DDF0D00CF4EDD /* Frameworks */ = {
			isa = PBXFrameworksBuildPhase;
			buildActionMask = 2147483647;
			files = (
			);
			runOnlyForDeploymentPostprocessing = 0;
		};
/* End PBXFrameworksBuildPhase section */

/* Begin PBXGroup section */
		09526D11239E22AB00A74E6E /* Resource */ = {
			isa = PBXGroup;
			children = (
				09526D14239E22C400A74E6E /* image_littleAnimal.jpg */,
			);
			path = Resource;
			sourceTree = "<group>";
		};
		0967DE3C23AB230700B3863E /* Vender */ = {
			isa = PBXGroup;
			children = (
				0967DE3D23AB231800B3863E /* UIImage+fixOrientation.swift */,
			);
			path = Vender;
			sourceTree = "<group>";
		};
		09885A6A233DED1A00489E74 /* Collector */ = {
			isa = PBXGroup;
			children = (
				09885A6D233DF05400489E74 /* YSMenuItemViewController.swift */,
				09E8AE932390EBC7007F3657 /* YSDoubleSideSliderViewController.swift */,
				09526D0D239E1B8F00A74E6E /* YSScaleImageViewController.swift */,
				09B15AF023A0BDC0005EE4A8 /* YSCameraViewController.swift */,
				09B15AF223A0E26E005EE4A8 /* YSCameraCustomViewController.swift */,
				092F747823AA005900F5846E /* YSCameraResultViewController.swift */,
			);
			path = Collector;
			sourceTree = "<group>";
		};
		098A6A30238FAF6A00707725 /* Views */ = {
			isa = PBXGroup;
			children = (
				09885A6B233DED3A00489E74 /* YSMenuItemContainerView.swift */,
				098A6A31238FAFD700707725 /* YSDoubleSideSliderView.swift */,
				09526D0F239E1BA700A74E6E /* YSScaleImageView.swift */,
			);
			path = Views;
			sourceTree = "<group>";
		};
		09AC0501233DDF0A00CF4EDD = {
			isa = PBXGroup;
			children = (
				09AC050C233DDF0A00CF4EDD /* YSViewsCollector */,
				09AC0523233DDF0D00CF4EDD /* YSViewsCollectorTests */,
				09AC052E233DDF0D00CF4EDD /* YSViewsCollectorUITests */,
				09AC050B233DDF0A00CF4EDD /* Products */,
				4A3A45335A0ACBC56A5B5478 /* Frameworks */,
				EF861FBA3748ED8A6A8D5ECA /* Pods */,
			);
			sourceTree = "<group>";
		};
		09AC050B233DDF0A00CF4EDD /* Products */ = {
			isa = PBXGroup;
			children = (
				09AC050A233DDF0A00CF4EDD /* YSViewsCollector.app */,
				09AC0520233DDF0D00CF4EDD /* YSViewsCollectorTests.xctest */,
				09AC052B233DDF0D00CF4EDD /* YSViewsCollectorUITests.xctest */,
			);
			name = Products;
			sourceTree = "<group>";
		};
		09AC050C233DDF0A00CF4EDD /* YSViewsCollector */ = {
			isa = PBXGroup;
			children = (
				0967DE3C23AB230700B3863E /* Vender */,
				09526D11239E22AB00A74E6E /* Resource */,
				098A6A30238FAF6A00707725 /* Views */,
				09885A6A233DED1A00489E74 /* Collector */,
				09AC050D233DDF0A00CF4EDD /* AppDelegate.swift */,
				09AC0511233DDF0A00CF4EDD /* ViewController.swift */,
				09AC0516233DDF0C00CF4EDD /* Assets.xcassets */,
				09AC0518233DDF0C00CF4EDD /* LaunchScreen.storyboard */,
				09AC051B233DDF0C00CF4EDD /* Info.plist */,
			);
			path = YSViewsCollector;
			sourceTree = "<group>";
		};
		09AC0523233DDF0D00CF4EDD /* YSViewsCollectorTests */ = {
			isa = PBXGroup;
			children = (
				09AC0524233DDF0D00CF4EDD /* YSViewsCollectorTests.swift */,
				09AC0526233DDF0D00CF4EDD /* Info.plist */,
			);
			path = YSViewsCollectorTests;
			sourceTree = "<group>";
		};
		09AC052E233DDF0D00CF4EDD /* YSViewsCollectorUITests */ = {
			isa = PBXGroup;
			children = (
				09AC052F233DDF0D00CF4EDD /* YSViewsCollectorUITests.swift */,
				09AC0531233DDF0D00CF4EDD /* Info.plist */,
			);
			path = YSViewsCollectorUITests;
			sourceTree = "<group>";
		};
		4A3A45335A0ACBC56A5B5478 /* Frameworks */ = {
			isa = PBXGroup;
			children = (
				339FAB7B82408BA82740F51A /* Pods_YSViewsCollector.framework */,
			);
			name = Frameworks;
			sourceTree = "<group>";
		};
		EF861FBA3748ED8A6A8D5ECA /* Pods */ = {
			isa = PBXGroup;
			children = (
				2055D735CF0D5866F027BB08 /* Pods-YSViewsCollector.debug.xcconfig */,
				18204F62625892461D3979B9 /* Pods-YSViewsCollector.release.xcconfig */,
			);
			name = Pods;
			path = ../Pods;
			sourceTree = "<group>";
		};
/* End PBXGroup section */

/* Begin PBXNativeTarget section */
		09AC0509233DDF0A00CF4EDD /* YSViewsCollector */ = {
			isa = PBXNativeTarget;
			buildConfigurationList = 09AC0534233DDF0D00CF4EDD /* Build configuration list for PBXNativeTarget "YSViewsCollector" */;
			buildPhases = (
				EBE226C552B7384E1C07E59D /* [CP] Check Pods Manifest.lock */,
				09AC0506233DDF0A00CF4EDD /* Sources */,
				09AC0507233DDF0A00CF4EDD /* Frameworks */,
				09AC0508233DDF0A00CF4EDD /* Resources */,
				3993DF76C5E01FF703CEB9A3 /* [CP] Embed Pods Frameworks */,
			);
			buildRules = (
			);
			dependencies = (
			);
			name = YSViewsCollector;
			productName = YSViewsCollector;
			productReference = 09AC050A233DDF0A00CF4EDD /* YSViewsCollector.app */;
			productType = "com.apple.product-type.application";
		};
		09AC051F233DDF0D00CF4EDD /* YSViewsCollectorTests */ = {
			isa = PBXNativeTarget;
			buildConfigurationList = 09AC0537233DDF0D00CF4EDD /* Build configuration list for PBXNativeTarget "YSViewsCollectorTests" */;
			buildPhases = (
				09AC051C233DDF0D00CF4EDD /* Sources */,
				09AC051D233DDF0D00CF4EDD /* Frameworks */,
				09AC051E233DDF0D00CF4EDD /* Resources */,
			);
			buildRules = (
			);
			dependencies = (
				09AC0522233DDF0D00CF4EDD /* PBXTargetDependency */,
			);
			name = YSViewsCollectorTests;
			productName = YSViewsCollectorTests;
			productReference = 09AC0520233DDF0D00CF4EDD /* YSViewsCollectorTests.xctest */;
			productType = "com.apple.product-type.bundle.unit-test";
		};
		09AC052A233DDF0D00CF4EDD /* YSViewsCollectorUITests */ = {
			isa = PBXNativeTarget;
			buildConfigurationList = 09AC053A233DDF0D00CF4EDD /* Build configuration list for PBXNativeTarget "YSViewsCollectorUITests" */;
			buildPhases = (
				09AC0527233DDF0D00CF4EDD /* Sources */,
				09AC0528233DDF0D00CF4EDD /* Frameworks */,
				09AC0529233DDF0D00CF4EDD /* Resources */,
			);
			buildRules = (
			);
			dependencies = (
				09AC052D233DDF0D00CF4EDD /* PBXTargetDependency */,
			);
			name = YSViewsCollectorUITests;
			productName = YSViewsCollectorUITests;
			productReference = 09AC052B233DDF0D00CF4EDD /* YSViewsCollectorUITests.xctest */;
			productType = "com.apple.product-type.bundle.ui-testing";
		};
/* End PBXNativeTarget section */

/* Begin PBXProject section */
		09AC0502233DDF0A00CF4EDD /* Project object */ = {
			isa = PBXProject;
			attributes = {
				LastSwiftUpdateCheck = 1100;
				LastUpgradeCheck = 1100;
				ORGANIZATIONNAME = "葛燕生";
				TargetAttributes = {
					09AC0509233DDF0A00CF4EDD = {
						CreatedOnToolsVersion = 11.0;
						LastSwiftMigration = 1100;
					};
					09AC051F233DDF0D00CF4EDD = {
						CreatedOnToolsVersion = 11.0;
						LastSwiftMigration = 1100;
						TestTargetID = 09AC0509233DDF0A00CF4EDD;
					};
					09AC052A233DDF0D00CF4EDD = {
						CreatedOnToolsVersion = 11.0;
						LastSwiftMigration = 1100;
						TestTargetID = 09AC0509233DDF0A00CF4EDD;
					};
				};
			};
			buildConfigurationList = 09AC0505233DDF0A00CF4EDD /* Build configuration list for PBXProject "YSViewsCollector" */;
			compatibilityVersion = "Xcode 9.3";
			developmentRegion = en;
			hasScannedForEncodings = 0;
			knownRegions = (
				en,
				Base,
			);
			mainGroup = 09AC0501233DDF0A00CF4EDD;
			productRefGroup = 09AC050B233DDF0A00CF4EDD /* Products */;
			projectDirPath = "";
			projectRoot = "";
			targets = (
				09AC0509233DDF0A00CF4EDD /* YSViewsCollector */,
				09AC051F233DDF0D00CF4EDD /* YSViewsCollectorTests */,
				09AC052A233DDF0D00CF4EDD /* YSViewsCollectorUITests */,
			);
		};
/* End PBXProject section */

/* Begin PBXResourcesBuildPhase section */
		09AC0508233DDF0A00CF4EDD /* Resources */ = {
			isa = PBXResourcesBuildPhase;
			buildActionMask = 2147483647;
			files = (
				09526D15239E22C400A74E6E /* image_littleAnimal.jpg in Resources */,
				09AC051A233DDF0C00CF4EDD /* LaunchScreen.storyboard in Resources */,
				09AC0517233DDF0C00CF4EDD /* Assets.xcassets in Resources */,
			);
			runOnlyForDeploymentPostprocessing = 0;
		};
		09AC051E233DDF0D00CF4EDD /* Resources */ = {
			isa = PBXResourcesBuildPhase;
			buildActionMask = 2147483647;
			files = (
			);
			runOnlyForDeploymentPostprocessing = 0;
		};
		09AC0529233DDF0D00CF4EDD /* Resources */ = {
			isa = PBXResourcesBuildPhase;
			buildActionMask = 2147483647;
			files = (
			);
			runOnlyForDeploymentPostprocessing = 0;
		};
/* End PBXResourcesBuildPhase section */

/* Begin PBXShellScriptBuildPhase section */
		3993DF76C5E01FF703CEB9A3 /* [CP] Embed Pods Frameworks */ = {
			isa = PBXShellScriptBuildPhase;
			buildActionMask = 2147483647;
			files = (
			);
			inputFileListPaths = (
				"${PODS_ROOT}/Target Support Files/Pods-YSViewsCollector/Pods-YSViewsCollector-frameworks-${CONFIGURATION}-input-files.xcfilelist",
			);
			name = "[CP] Embed Pods Frameworks";
			outputFileListPaths = (
				"${PODS_ROOT}/Target Support Files/Pods-YSViewsCollector/Pods-YSViewsCollector-frameworks-${CONFIGURATION}-output-files.xcfilelist",
			);
			runOnlyForDeploymentPostprocessing = 0;
			shellPath = /bin/sh;
			shellScript = "\"${PODS_ROOT}/Target Support Files/Pods-YSViewsCollector/Pods-YSViewsCollector-frameworks.sh\"\n";
			showEnvVarsInLog = 0;
		};
		EBE226C552B7384E1C07E59D /* [CP] Check Pods Manifest.lock */ = {
			isa = PBXShellScriptBuildPhase;
			buildActionMask = 2147483647;
			files = (
			);
			inputFileListPaths = (
			);
			inputPaths = (
				"${PODS_PODFILE_DIR_PATH}/Podfile.lock",
				"${PODS_ROOT}/Manifest.lock",
			);
			name = "[CP] Check Pods Manifest.lock";
			outputFileListPaths = (
			);
			outputPaths = (
				"$(DERIVED_FILE_DIR)/Pods-YSViewsCollector-checkManifestLockResult.txt",
			);
			runOnlyForDeploymentPostprocessing = 0;
			shellPath = /bin/sh;
			shellScript = "diff \"${PODS_PODFILE_DIR_PATH}/Podfile.lock\" \"${PODS_ROOT}/Manifest.lock\" > /dev/null\nif [ $? != 0 ] ; then\n    # print error to STDERR\n    echo \"error: The sandbox is not in sync with the Podfile.lock. Run 'pod install' or update your CocoaPods installation.\" >&2\n    exit 1\nfi\n# This output is used by Xcode 'outputs' to avoid re-running this script phase.\necho \"SUCCESS\" > \"${SCRIPT_OUTPUT_FILE_0}\"\n";
			showEnvVarsInLog = 0;
		};
/* End PBXShellScriptBuildPhase section */

/* Begin PBXSourcesBuildPhase section */
		09AC0506233DDF0A00CF4EDD /* Sources */ = {
			isa = PBXSourcesBuildPhase;
			buildActionMask = 2147483647;
			files = (
				09B15AF323A0E26E005EE4A8 /* YSCameraCustomViewController.swift in Sources */,
				09885A6E233DF05400489E74 /* YSMenuItemViewController.swift in Sources */,
				09885A6C233DED3A00489E74 /* YSMenuItemContainerView.swift in Sources */,
				098A6A32238FAFD700707725 /* YSDoubleSideSliderView.swift in Sources */,
				09526D10239E1BA700A74E6E /* YSScaleImageView.swift in Sources */,
				09E8AE942390EBC7007F3657 /* YSDoubleSideSliderViewController.swift in Sources */,
				0967DE3E23AB231800B3863E /* UIImage+fixOrientation.swift in Sources */,
				092F747923AA005900F5846E /* YSCameraResultViewController.swift in Sources */,
				09AC0512233DDF0A00CF4EDD /* ViewController.swift in Sources */,
				09526D0E239E1B8F00A74E6E /* YSScaleImageViewController.swift in Sources */,
				09B15AF123A0BDC0005EE4A8 /* YSCameraViewController.swift in Sources */,
				09AC050E233DDF0A00CF4EDD /* AppDelegate.swift in Sources */,
			);
			runOnlyForDeploymentPostprocessing = 0;
		};
		09AC051C233DDF0D00CF4EDD /* Sources */ = {
			isa = PBXSourcesBuildPhase;
			buildActionMask = 2147483647;
			files = (
				09AC0525233DDF0D00CF4EDD /* YSViewsCollectorTests.swift in Sources */,
			);
			runOnlyForDeploymentPostprocessing = 0;
		};
		09AC0527233DDF0D00CF4EDD /* Sources */ = {
			isa = PBXSourcesBuildPhase;
			buildActionMask = 2147483647;
			files = (
				09AC0530233DDF0D00CF4EDD /* YSViewsCollectorUITests.swift in Sources */,
			);
			runOnlyForDeploymentPostprocessing = 0;
		};
/* End PBXSourcesBuildPhase section */

/* Begin PBXTargetDependency section */
		09AC0522233DDF0D00CF4EDD /* PBXTargetDependency */ = {
			isa = PBXTargetDependency;
			target = 09AC0509233DDF0A00CF4EDD /* YSViewsCollector */;
			targetProxy = 09AC0521233DDF0D00CF4EDD /* PBXContainerItemProxy */;
		};
		09AC052D233DDF0D00CF4EDD /* PBXTargetDependency */ = {
			isa = PBXTargetDependency;
			target = 09AC0509233DDF0A00CF4EDD /* YSViewsCollector */;
			targetProxy = 09AC052C233DDF0D00CF4EDD /* PBXContainerItemProxy */;
		};
/* End PBXTargetDependency section */

/* Begin PBXVariantGroup section */
		09AC0518233DDF0C00CF4EDD /* LaunchScreen.storyboard */ = {
			isa = PBXVariantGroup;
			children = (
				09AC0519233DDF0C00CF4EDD /* Base */,
			);
			name = LaunchScreen.storyboard;
			sourceTree = "<group>";
		};
/* End PBXVariantGroup section */

/* Begin XCBuildConfiguration section */
		09AC0532233DDF0D00CF4EDD /* Debug */ = {
			isa = XCBuildConfiguration;
			buildSettings = {
				ALWAYS_SEARCH_USER_PATHS = NO;
				CLANG_ANALYZER_NONNULL = YES;
				CLANG_ANALYZER_NUMBER_OBJECT_CONVERSION = YES_AGGRESSIVE;
				CLANG_CXX_LANGUAGE_STANDARD = "gnu++14";
				CLANG_CXX_LIBRARY = "libc++";
				CLANG_ENABLE_MODULES = YES;
				CLANG_ENABLE_OBJC_ARC = YES;
				CLANG_ENABLE_OBJC_WEAK = YES;
				CLANG_WARN_BLOCK_CAPTURE_AUTORELEASING = YES;
				CLANG_WARN_BOOL_CONVERSION = YES;
				CLANG_WARN_COMMA = YES;
				CLANG_WARN_CONSTANT_CONVERSION = YES;
				CLANG_WARN_DEPRECATED_OBJC_IMPLEMENTATIONS = YES;
				CLANG_WARN_DIRECT_OBJC_ISA_USAGE = YES_ERROR;
				CLANG_WARN_DOCUMENTATION_COMMENTS = YES;
				CLANG_WARN_EMPTY_BODY = YES;
				CLANG_WARN_ENUM_CONVERSION = YES;
				CLANG_WARN_INFINITE_RECURSION = YES;
				CLANG_WARN_INT_CONVERSION = YES;
				CLANG_WARN_NON_LITERAL_NULL_CONVERSION = YES;
				CLANG_WARN_OBJC_IMPLICIT_RETAIN_SELF = YES;
				CLANG_WARN_OBJC_LITERAL_CONVERSION = YES;
				CLANG_WARN_OBJC_ROOT_CLASS = YES_ERROR;
				CLANG_WARN_RANGE_LOOP_ANALYSIS = YES;
				CLANG_WARN_STRICT_PROTOTYPES = YES;
				CLANG_WARN_SUSPICIOUS_MOVE = YES;
				CLANG_WARN_UNGUARDED_AVAILABILITY = YES_AGGRESSIVE;
				CLANG_WARN_UNREACHABLE_CODE = YES;
				CLANG_WARN__DUPLICATE_METHOD_MATCH = YES;
				COPY_PHASE_STRIP = NO;
				DEBUG_INFORMATION_FORMAT = dwarf;
				ENABLE_STRICT_OBJC_MSGSEND = YES;
				ENABLE_TESTABILITY = YES;
				GCC_C_LANGUAGE_STANDARD = gnu11;
				GCC_DYNAMIC_NO_PIC = NO;
				GCC_NO_COMMON_BLOCKS = YES;
				GCC_OPTIMIZATION_LEVEL = 0;
				GCC_PREPROCESSOR_DEFINITIONS = (
					"DEBUG=1",
					"$(inherited)",
				);
				GCC_WARN_64_TO_32_BIT_CONVERSION = YES;
				GCC_WARN_ABOUT_RETURN_TYPE = YES_ERROR;
				GCC_WARN_UNDECLARED_SELECTOR = YES;
				GCC_WARN_UNINITIALIZED_AUTOS = YES_AGGRESSIVE;
				GCC_WARN_UNUSED_FUNCTION = YES;
				GCC_WARN_UNUSED_VARIABLE = YES;
				IPHONEOS_DEPLOYMENT_TARGET = 8.0;
				MTL_ENABLE_DEBUG_INFO = INCLUDE_SOURCE;
				MTL_FAST_MATH = YES;
				ONLY_ACTIVE_ARCH = YES;
				SDKROOT = iphoneos;
				SWIFT_ACTIVE_COMPILATION_CONDITIONS = DEBUG;
				SWIFT_OPTIMIZATION_LEVEL = "-Onone";
			};
			name = Debug;
		};
		09AC0533233DDF0D00CF4EDD /* Release */ = {
			isa = XCBuildConfiguration;
			buildSettings = {
				ALWAYS_SEARCH_USER_PATHS = NO;
				CLANG_ANALYZER_NONNULL = YES;
				CLANG_ANALYZER_NUMBER_OBJECT_CONVERSION = YES_AGGRESSIVE;
				CLANG_CXX_LANGUAGE_STANDARD = "gnu++14";
				CLANG_CXX_LIBRARY = "libc++";
				CLANG_ENABLE_MODULES = YES;
				CLANG_ENABLE_OBJC_ARC = YES;
				CLANG_ENABLE_OBJC_WEAK = YES;
				CLANG_WARN_BLOCK_CAPTURE_AUTORELEASING = YES;
				CLANG_WARN_BOOL_CONVERSION = YES;
				CLANG_WARN_COMMA = YES;
				CLANG_WARN_CONSTANT_CONVERSION = YES;
				CLANG_WARN_DEPRECATED_OBJC_IMPLEMENTATIONS = YES;
				CLANG_WARN_DIRECT_OBJC_ISA_USAGE = YES_ERROR;
				CLANG_WARN_DOCUMENTATION_COMMENTS = YES;
				CLANG_WARN_EMPTY_BODY = YES;
				CLANG_WARN_ENUM_CONVERSION = YES;
				CLANG_WARN_INFINITE_RECURSION = YES;
				CLANG_WARN_INT_CONVERSION = YES;
				CLANG_WARN_NON_LITERAL_NULL_CONVERSION = YES;
				CLANG_WARN_OBJC_IMPLICIT_RETAIN_SELF = YES;
				CLANG_WARN_OBJC_LITERAL_CONVERSION = YES;
				CLANG_WARN_OBJC_ROOT_CLASS = YES_ERROR;
				CLANG_WARN_RANGE_LOOP_ANALYSIS = YES;
				CLANG_WARN_STRICT_PROTOTYPES = YES;
				CLANG_WARN_SUSPICIOUS_MOVE = YES;
				CLANG_WARN_UNGUARDED_AVAILABILITY = YES_AGGRESSIVE;
				CLANG_WARN_UNREACHABLE_CODE = YES;
				CLANG_WARN__DUPLICATE_METHOD_MATCH = YES;
				COPY_PHASE_STRIP = NO;
				DEBUG_INFORMATION_FORMAT = "dwarf-with-dsym";
				ENABLE_NS_ASSERTIONS = NO;
				ENABLE_STRICT_OBJC_MSGSEND = YES;
				GCC_C_LANGUAGE_STANDARD = gnu11;
				GCC_NO_COMMON_BLOCKS = YES;
				GCC_WARN_64_TO_32_BIT_CONVERSION = YES;
				GCC_WARN_ABOUT_RETURN_TYPE = YES_ERROR;
				GCC_WARN_UNDECLARED_SELECTOR = YES;
				GCC_WARN_UNINITIALIZED_AUTOS = YES_AGGRESSIVE;
				GCC_WARN_UNUSED_FUNCTION = YES;
				GCC_WARN_UNUSED_VARIABLE = YES;
				IPHONEOS_DEPLOYMENT_TARGET = 8.0;
				MTL_ENABLE_DEBUG_INFO = NO;
				MTL_FAST_MATH = YES;
				SDKROOT = iphoneos;
				SWIFT_COMPILATION_MODE = wholemodule;
				SWIFT_OPTIMIZATION_LEVEL = "-O";
				VALIDATE_PRODUCT = YES;
			};
			name = Release;
		};
		09AC0535233DDF0D00CF4EDD /* Debug */ = {
			isa = XCBuildConfiguration;
			baseConfigurationReference = 2055D735CF0D5866F027BB08 /* Pods-YSViewsCollector.debug.xcconfig */;
			buildSettings = {
				ASSETCATALOG_COMPILER_APPICON_NAME = AppIcon;
				CODE_SIGN_STYLE = Automatic;
				DEVELOPMENT_TEAM = DLLTSLNW2D;
				INFOPLIST_FILE = YSViewsCollector/Info.plist;
				IPHONEOS_DEPLOYMENT_TARGET = 8.0;
				LD_RUNPATH_SEARCH_PATHS = (
					"$(inherited)",
					"@executable_path/Frameworks",
				);
				PRODUCT_BUNDLE_IDENTIFIER = "YS-G.YSViewsCollector";
				PRODUCT_NAME = "$(TARGET_NAME)";
				SWIFT_VERSION = 4.2;
				TARGETED_DEVICE_FAMILY = "1,2";
			};
			name = Debug;
		};
		09AC0536233DDF0D00CF4EDD /* Release */ = {
			isa = XCBuildConfiguration;
			baseConfigurationReference = 18204F62625892461D3979B9 /* Pods-YSViewsCollector.release.xcconfig */;
			buildSettings = {
				ASSETCATALOG_COMPILER_APPICON_NAME = AppIcon;
				CODE_SIGN_STYLE = Automatic;
				DEVELOPMENT_TEAM = DLLTSLNW2D;
				INFOPLIST_FILE = YSViewsCollector/Info.plist;
				IPHONEOS_DEPLOYMENT_TARGET = 8.0;
				LD_RUNPATH_SEARCH_PATHS = (
					"$(inherited)",
					"@executable_path/Frameworks",
				);
				PRODUCT_BUNDLE_IDENTIFIER = "YS-G.YSViewsCollector";
				PRODUCT_NAME = "$(TARGET_NAME)";
				SWIFT_VERSION = 4.2;
				TARGETED_DEVICE_FAMILY = "1,2";
			};
			name = Release;
		};
		09AC0538233DDF0D00CF4EDD /* Debug */ = {
			isa = XCBuildConfiguration;
			buildSettings = {
				ALWAYS_EMBED_SWIFT_STANDARD_LIBRARIES = YES;
				BUNDLE_LOADER = "$(TEST_HOST)";
				CODE_SIGN_STYLE = Automatic;
				DEVELOPMENT_TEAM = DLLTSLNW2D;
				INFOPLIST_FILE = YSViewsCollectorTests/Info.plist;
				IPHONEOS_DEPLOYMENT_TARGET = 13.0;
				LD_RUNPATH_SEARCH_PATHS = (
					"$(inherited)",
					"@executable_path/Frameworks",
					"@loader_path/Frameworks",
				);
				PRODUCT_BUNDLE_IDENTIFIER = "YS-G.YSViewsCollectorTests";
				PRODUCT_NAME = "$(TARGET_NAME)";
				SWIFT_VERSION = 4.2;
				TARGETED_DEVICE_FAMILY = "1,2";
				TEST_HOST = "$(BUILT_PRODUCTS_DIR)/YSViewsCollector.app/YSViewsCollector";
			};
			name = Debug;
		};
		09AC0539233DDF0D00CF4EDD /* Release */ = {
			isa = XCBuildConfiguration;
			buildSettings = {
				ALWAYS_EMBED_SWIFT_STANDARD_LIBRARIES = YES;
				BUNDLE_LOADER = "$(TEST_HOST)";
				CODE_SIGN_STYLE = Automatic;
				DEVELOPMENT_TEAM = DLLTSLNW2D;
				INFOPLIST_FILE = YSViewsCollectorTests/Info.plist;
				IPHONEOS_DEPLOYMENT_TARGET = 13.0;
				LD_RUNPATH_SEARCH_PATHS = (
					"$(inherited)",
					"@executable_path/Frameworks",
					"@loader_path/Frameworks",
				);
				PRODUCT_BUNDLE_IDENTIFIER = "YS-G.YSViewsCollectorTests";
				PRODUCT_NAME = "$(TARGET_NAME)";
				SWIFT_VERSION = 4.2;
				TARGETED_DEVICE_FAMILY = "1,2";
				TEST_HOST = "$(BUILT_PRODUCTS_DIR)/YSViewsCollector.app/YSViewsCollector";
			};
			name = Release;
		};
		09AC053B233DDF0D00CF4EDD /* Debug */ = {
			isa = XCBuildConfiguration;
			buildSettings = {
				ALWAYS_EMBED_SWIFT_STANDARD_LIBRARIES = YES;
				CODE_SIGN_STYLE = Automatic;
				DEVELOPMENT_TEAM = DLLTSLNW2D;
				INFOPLIST_FILE = YSViewsCollectorUITests/Info.plist;
				LD_RUNPATH_SEARCH_PATHS = (
					"$(inherited)",
					"@executable_path/Frameworks",
					"@loader_path/Frameworks",
				);
				PRODUCT_BUNDLE_IDENTIFIER = "YS-G.YSViewsCollectorUITests";
				PRODUCT_NAME = "$(TARGET_NAME)";
				SWIFT_VERSION = 4.2;
				TARGETED_DEVICE_FAMILY = "1,2";
				TEST_TARGET_NAME = YSViewsCollector;
			};
			name = Debug;
		};
		09AC053C233DDF0D00CF4EDD /* Release */ = {
			isa = XCBuildConfiguration;
			buildSettings = {
				ALWAYS_EMBED_SWIFT_STANDARD_LIBRARIES = YES;
				CODE_SIGN_STYLE = Automatic;
				DEVELOPMENT_TEAM = DLLTSLNW2D;
				INFOPLIST_FILE = YSViewsCollectorUITests/Info.plist;
				LD_RUNPATH_SEARCH_PATHS = (
					"$(inherited)",
					"@executable_path/Frameworks",
					"@loader_path/Frameworks",
				);
				PRODUCT_BUNDLE_IDENTIFIER = "YS-G.YSViewsCollectorUITests";
				PRODUCT_NAME = "$(TARGET_NAME)";
				SWIFT_VERSION = 4.2;
				TARGETED_DEVICE_FAMILY = "1,2";
				TEST_TARGET_NAME = YSViewsCollector;
			};
			name = Release;
		};
/* End XCBuildConfiguration section */

/* Begin XCConfigurationList section */
		09AC0505233DDF0A00CF4EDD /* Build configuration list for PBXProject "YSViewsCollector" */ = {
			isa = XCConfigurationList;
			buildConfigurations = (
				09AC0532233DDF0D00CF4EDD /* Debug */,
				09AC0533233DDF0D00CF4EDD /* Release */,
			);
			defaultConfigurationIsVisible = 0;
			defaultConfigurationName = Release;
		};
		09AC0534233DDF0D00CF4EDD /* Build configuration list for PBXNativeTarget "YSViewsCollector" */ = {
			isa = XCConfigurationList;
			buildConfigurations = (
				09AC0535233DDF0D00CF4EDD /* Debug */,
				09AC0536233DDF0D00CF4EDD /* Release */,
			);
			defaultConfigurationIsVisible = 0;
			defaultConfigurationName = Release;
		};
		09AC0537233DDF0D00CF4EDD /* Build configuration list for PBXNativeTarget "YSViewsCollectorTests" */ = {
			isa = XCConfigurationList;
			buildConfigurations = (
				09AC0538233DDF0D00CF4EDD /* Debug */,
				09AC0539233DDF0D00CF4EDD /* Release */,
			);
			defaultConfigurationIsVisible = 0;
			defaultConfigurationName = Release;
		};
		09AC053A233DDF0D00CF4EDD /* Build configuration list for PBXNativeTarget "YSViewsCollectorUITests" */ = {
			isa = XCConfigurationList;
			buildConfigurations = (
				09AC053B233DDF0D00CF4EDD /* Debug */,
				09AC053C233DDF0D00CF4EDD /* Release */,
			);
			defaultConfigurationIsVisible = 0;
			defaultConfigurationName = Release;
		};
/* End XCConfigurationList section */
	};
	rootObject = 09AC0502233DDF0A00CF4EDD /* Project object */;
}
